
Microsoft Visual Studio Solution File, Format Version 12.00
# Visual Studio Version 17
VisualStudioVersion = 17.0.31903.59
MinimumVisualStudioVersion = 10.0.40219.1
Project("{2150E333-8FDC-42A3-9474-1A3956D46DE8}") = "src", "src", "{8171DCAE-94C6-4BCD-A8FE-DDFC289E24D0}"
EndProject
Project("{FAE04EC0-301F-11D3-BF4B-00C04F79EFBC}") = "Api", "src\Api\Api.csproj", "{450D0129-8A1B-4083-B954-E5FC2D3872FD}"
EndProject
Global
	GlobalSection(SolutionConfigurationPlatforms) = preSolution
		Debug|Any CPU = Debug|Any CPU
		Release|Any CPU = Release|Any CPU
	EndGlobalSection
	GlobalSection(SolutionProperties) = preSolution
		HideSolutionNode = FALSE
	EndGlobalSection
	GlobalSection(ProjectConfigurationPlatforms) = postSolution
		{450D0129-8A1B-4083-B954-E5FC2D3872FD}.Debug|Any CPU.ActiveCfg = Debug|Any CPU
		{450D0129-8A1B-4083-B954-E5FC2D3872FD}.Debug|Any CPU.Build.0 = Debug|Any CPU
		{450D0129-8A1B-4083-B954-E5FC2D3872FD}.Release|Any CPU.ActiveCfg = Release|Any CPU
		{450D0129-8A1B-4083-B954-E5FC2D3872FD}.Release|Any CPU.Build.0 = Release|Any CPU
	EndGlobalSection
	GlobalSection(NestedProjects) = preSolution
		{450D0129-8A1B-4083-B954-E5FC2D3872FD} = {8171DCAE-94C6-4BCD-A8FE-DDFC289E24D0}
	EndGlobalSection
EndGlobal
